
Microsoft Visual Studio Solution File, Format Version 12.00
# Visual Studio Version 17
VisualStudioVersion = 17.14.36109.1 d17.14
MinimumVisualStudioVersion = 10.0.40219.1
Project("{FAE04EC0-301F-11D3-BF4B-00C04F79EFBC}") = "files2", "files2\files2.csproj", "{B53C2119-0695-416A-B8D3-E57C25732304}"
EndProject
Global
	GlobalSection(SolutionConfigurationPlatforms) = preSolution
		Debug|Any CPU = Debug|Any CPU
		Release|Any CPU = Release|Any CPU
	EndGlobalSection
	GlobalSection(ProjectConfigurationPlatforms) = postSolution
		{B53C2119-0695-416A-B8D3-E57C25732304}.Debug|Any CPU.ActiveCfg = Debug|Any CPU
		{B53C2119-0695-416A-B8D3-E57C25732304}.Debug|Any CPU.Build.0 = Debug|Any CPU
		{B53C2119-0695-416A-B8D3-E57C25732304}.Release|Any CPU.ActiveCfg = Release|Any CPU
		{B53C2119-0695-416A-B8D3-E57C25732304}.Release|Any CPU.Build.0 = Release|Any CPU
	EndGlobalSection
	GlobalSection(SolutionProperties) = preSolution
		HideSolutionNode = FALSE
	EndGlobalSection
	GlobalSection(ExtensibilityGlobals) = postSolution
		SolutionGuid = {1A4DA260-229A-48D8-A0ED-42C74151C51C}
	EndGlobalSection
EndGlobal
